lockfileVersion: '9.0'

settings:
  autoInstallPeers: true
  excludeLinksFromLockfile: false

importers:

  .:
    dependencies:
      '@vercel/edge':
        specifier: ^1.3.1
        version: 1.3.1

packages:

  '@vercel/edge@1.3.1':
    resolution: {integrity: sha512-k0tKWeYEWOv6qU6+Z8+hv2Nt/u3vFHRZdB0uvwE0DxoddU/5kWX/Chu8F6ojvqmRlnZwuX/7kyZFVeCP6DxqBg==}

snapshots:

  '@vercel/edge@1.3.1': {}
